
Microsoft Visual Studio Solution File, Format Version 12.00
# Visual Studio Version 17
VisualStudioVersion = 17.1.31903.286
MinimumVisualStudioVersion = 10.0.40219.1
Project("{9A19103F-16F7-4668-BE54-9A1E7A4F7556}") = "Apparatus.Tests", "tests\Apparatus.Tests\Apparatus.Tests.csproj", "{7C03E0B5-C643-4DB4-9F19-BECC982C1256}"
EndProject
Project("{9A19103F-16F7-4668-BE54-9A1E7A4F7556}") = "Apparatus", "src\Apparatus\Apparatus.csproj", "{A93C4EB4-8151-47A2-9753-5E8191FACD8F}"
EndProject
Project("{2150E333-8FDC-42A3-9474-1A3956D46DE8}") = "tools", "tools", "{07C2787E-EAC7-C090-1BA3-A61EC2A24D84}"
EndProject
Project("{FAE04EC0-301F-11D3-BF4B-00C04F79EFBC}") = "ApiDocGenerator", "tools\ApiDocGenerator\ApiDocGenerator.csproj", "{84ED1BC0-9108-48EB-A2BE-EF372C1A4B33}"
EndProject
Project("{2150E333-8FDC-42A3-9474-1A3956D46DE8}") = "examples", "examples", "{B36A84DF-456D-A817-6EDD-3EC3E7F6E11F}"
EndProject
Project("{FAE04EC0-301F-11D3-BF4B-00C04F79EFBC}") = "Apparatus.Examples", "examples\Apparatus.Examples\Apparatus.Examples.csproj", "{3F9E4311-D3B2-48BE-8927-F14CC36E7CB4}"
EndProject
Project("{2150E333-8FDC-42A3-9474-1A3956D46DE8}") = "src", "src", "{827E0CD3-B72D-47B6-A68D-7590B98EB39B}"
EndProject
Global
	GlobalSection(SolutionConfigurationPlatforms) = preSolution
		Debug|Any CPU = Debug|Any CPU
		Debug|x64 = Debug|x64
		Debug|x86 = Debug|x86
		Release|Any CPU = Release|Any CPU
		Release|x64 = Release|x64
		Release|x86 = Release|x86
	EndGlobalSection
	GlobalSection(ProjectConfigurationPlatforms) = postSolution
		{7C03E0B5-C643-4DB4-9F19-BECC982C1256}.Debug|Any CPU.ActiveCfg = Debug|Any CPU
		{7C03E0B5-C643-4DB4-9F19-BECC982C1256}.Debug|Any CPU.Build.0 = Debug|Any CPU
		{7C03E0B5-C643-4DB4-9F19-BECC982C1256}.Debug|x64.ActiveCfg = Debug|Any CPU
		{7C03E0B5-C643-4DB4-9F19-BECC982C1256}.Debug|x64.Build.0 = Debug|Any CPU
		{7C03E0B5-C643-4DB4-9F19-BECC982C1256}.Debug|x86.ActiveCfg = Debug|Any CPU
		{7C03E0B5-C643-4DB4-9F19-BECC982C1256}.Debug|x86.Build.0 = Debug|Any CPU
		{7C03E0B5-C643-4DB4-9F19-BECC982C1256}.Release|Any CPU.ActiveCfg = Release|Any CPU
		{7C03E0B5-C643-4DB4-9F19-BECC982C1256}.Release|Any CPU.Build.0 = Release|Any CPU
		{7C03E0B5-C643-4DB4-9F19-BECC982C1256}.Release|x64.ActiveCfg = Release|Any CPU
		{7C03E0B5-C643-4DB4-9F19-BECC982C1256}.Release|x64.Build.0 = Release|Any CPU
		{7C03E0B5-C643-4DB4-9F19-BECC982C1256}.Release|x86.ActiveCfg = Release|Any CPU
		{7C03E0B5-C643-4DB4-9F19-BECC982C1256}.Release|x86.Build.0 = Release|Any CPU
		{A93C4EB4-8151-47A2-9753-5E8191FACD8F}.Debug|Any CPU.ActiveCfg = Debug|Any CPU
		{A93C4EB4-8151-47A2-9753-5E8191FACD8F}.Debug|Any CPU.Build.0 = Debug|Any CPU
		{A93C4EB4-8151-47A2-9753-5E8191FACD8F}.Debug|x64.ActiveCfg = Debug|Any CPU
		{A93C4EB4-8151-47A2-9753-5E8191FACD8F}.Debug|x64.Build.0 = Debug|Any CPU
		{A93C4EB4-8151-47A2-9753-5E8191FACD8F}.Debug|x86.ActiveCfg = Debug|Any CPU
		{A93C4EB4-8151-47A2-9753-5E8191FACD8F}.Debug|x86.Build.0 = Debug|Any CPU
		{A93C4EB4-8151-47A2-9753-5E8191FACD8F}.Release|Any CPU.ActiveCfg = Release|Any CPU
		{A93C4EB4-8151-47A2-9753-5E8191FACD8F}.Release|Any CPU.Build.0 = Release|Any CPU
		{A93C4EB4-8151-47A2-9753-5E8191FACD8F}.Release|x64.ActiveCfg = Release|Any CPU
		{A93C4EB4-8151-47A2-9753-5E8191FACD8F}.Release|x64.Build.0 = Release|Any CPU
		{A93C4EB4-8151-47A2-9753-5E8191FACD8F}.Release|x86.ActiveCfg = Release|Any CPU
		{A93C4EB4-8151-47A2-9753-5E8191FACD8F}.Release|x86.Build.0 = Release|Any CPU
		{84ED1BC0-9108-48EB-A2BE-EF372C1A4B33}.Debug|Any CPU.ActiveCfg = Debug|Any CPU
		{84ED1BC0-9108-48EB-A2BE-EF372C1A4B33}.Debug|Any CPU.Build.0 = Debug|Any CPU
		{84ED1BC0-9108-48EB-A2BE-EF372C1A4B33}.Debug|x64.ActiveCfg = Debug|Any CPU
		{84ED1BC0-9108-48EB-A2BE-EF372C1A4B33}.Debug|x64.Build.0 = Debug|Any CPU
		{84ED1BC0-9108-48EB-A2BE-EF372C1A4B33}.Debug|x86.ActiveCfg = Debug|Any CPU
		{84ED1BC0-9108-48EB-A2BE-EF372C1A4B33}.Debug|x86.Build.0 = Debug|Any CPU
		{84ED1BC0-9108-48EB-A2BE-EF372C1A4B33}.Release|Any CPU.ActiveCfg = Release|Any CPU
		{84ED1BC0-9108-48EB-A2BE-EF372C1A4B33}.Release|Any CPU.Build.0 = Release|Any CPU
		{84ED1BC0-9108-48EB-A2BE-EF372C1A4B33}.Release|x64.ActiveCfg = Release|Any CPU
		{84ED1BC0-9108-48EB-A2BE-EF372C1A4B33}.Release|x64.Build.0 = Release|Any CPU
		{84ED1BC0-9108-48EB-A2BE-EF372C1A4B33}.Release|x86.ActiveCfg = Release|Any CPU
		{84ED1BC0-9108-48EB-A2BE-EF372C1A4B33}.Release|x86.Build.0 = Release|Any CPU
		{3F9E4311-D3B2-48BE-8927-F14CC36E7CB4}.Debug|Any CPU.ActiveCfg = Debug|Any CPU
		{3F9E4311-D3B2-48BE-8927-F14CC36E7CB4}.Debug|Any CPU.Build.0 = Debug|Any CPU
		{3F9E4311-D3B2-48BE-8927-F14CC36E7CB4}.Debug|x64.ActiveCfg = Debug|Any CPU
		{3F9E4311-D3B2-48BE-8927-F14CC36E7CB4}.Debug|x64.Build.0 = Debug|Any CPU
		{3F9E4311-D3B2-48BE-8927-F14CC36E7CB4}.Debug|x86.ActiveCfg = Debug|Any CPU
		{3F9E4311-D3B2-48BE-8927-F14CC36E7CB4}.Debug|x86.Build.0 = Debug|Any CPU
		{3F9E4311-D3B2-48BE-8927-F14CC36E7CB4}.Release|Any CPU.ActiveCfg = Release|Any CPU
		{3F9E4311-D3B2-48BE-8927-F14CC36E7CB4}.Release|Any CPU.Build.0 = Release|Any CPU
		{3F9E4311-D3B2-48BE-8927-F14CC36E7CB4}.Release|x64.ActiveCfg = Release|Any CPU
		{3F9E4311-D3B2-48BE-8927-F14CC36E7CB4}.Release|x64.Build.0 = Release|Any CPU
		{3F9E4311-D3B2-48BE-8927-F14CC36E7CB4}.Release|x86.ActiveCfg = Release|Any CPU
		{3F9E4311-D3B2-48BE-8927-F14CC36E7CB4}.Release|x86.Build.0 = Release|Any CPU
	EndGlobalSection
	GlobalSection(SolutionProperties) = preSolution
		HideSolutionNode = FALSE
	EndGlobalSection
	GlobalSection(NestedProjects) = preSolution
		{84ED1BC0-9108-48EB-A2BE-EF372C1A4B33} = {07C2787E-EAC7-C090-1BA3-A61EC2A24D84}
		{3F9E4311-D3B2-48BE-8927-F14CC36E7CB4} = {B36A84DF-456D-A817-6EDD-3EC3E7F6E11F}
	EndGlobalSection
	GlobalSection(ExtensibilityGlobals) = postSolution
		SolutionGuid = {041F3161-A06C-4EA2-9D7B-8D28EC4782CD}
	EndGlobalSection
EndGlobal
